
Microsoft Visual Studio Solution File, Format Version 11.00
# Visual Studio 15

Project("{8BC9CEB8-8B4A-11D0-8D11-00A0C91BC942}") = "PhysiGuitar - Standalone Plugin", "PhysiGuitar_StandalonePlugin.vcxproj", "{F39006A0-9C11-2620-1A97-1C111E02D602}"
	ProjectSection(ProjectDependencies) = postProject
		{2D128D8D-ACA3-EE15-EFC5-53BBFE5A284F} = {2D128D8D-ACA3-EE15-EFC5-53BBFE5A284F}
	EndProjectSection
EndProject
Project("{8BC9CEB8-8B4A-11D0-8D11-00A0C91BC942}") = "PhysiGuitar - VST3", "PhysiGuitar_VST3.vcxproj", "{5E2BEE2D-BBF1-81BE-E5AB-8B2E7772DD17}"
	ProjectSection(ProjectDependencies) = postProject
		{2D128D8D-ACA3-EE15-EFC5-53BBFE5A284F} = {2D128D8D-ACA3-EE15-EFC5-53BBFE5A284F}
	EndProjectSection
EndProject
Project("{8BC9CEB8-8B4A-11D0-8D11-00A0C91BC942}") = "PhysiGuitar - Shared Code", "PhysiGuitar_SharedCode.vcxproj", "{2D128D8D-ACA3-EE15-EFC5-53BBFE5A284F}"
EndProject
Global
	GlobalSection(SolutionConfigurationPlatforms) = preSolution
		Release|x64 = Release|x64
		Debug|x64 = Debug|x64
	EndGlobalSection
	GlobalSection(ProjectConfigurationPlatforms) = postSolution
		{5E2BEE2D-BBF1-81BE-E5AB-8B2E7772DD17}.Release|x64.ActiveCfg = Release|x64
		{5E2BEE2D-BBF1-81BE-E5AB-8B2E7772DD17}.Release|x64.Build.0 = Release|x64
		{5E2BEE2D-BBF1-81BE-E5AB-8B2E7772DD17}.Debug|x64.ActiveCfg = Debug|x64
		{5E2BEE2D-BBF1-81BE-E5AB-8B2E7772DD17}.Debug|x64.Build.0 = Debug|x64
		{F39006A0-9C11-2620-1A97-1C111E02D602}.Release|x64.ActiveCfg = Release|x64
		{F39006A0-9C11-2620-1A97-1C111E02D602}.Release|x64.Build.0 = Release|x64
		{F39006A0-9C11-2620-1A97-1C111E02D602}.Debug|x64.ActiveCfg = Debug|x64
		{F39006A0-9C11-2620-1A97-1C111E02D602}.Debug|x64.Build.0 = Debug|x64
		{2D128D8D-ACA3-EE15-EFC5-53BBFE5A284F}.Release|x64.ActiveCfg = Release|x64
		{2D128D8D-ACA3-EE15-EFC5-53BBFE5A284F}.Release|x64.Build.0 = Release|x64
		{2D128D8D-ACA3-EE15-EFC5-53BBFE5A284F}.Debug|x64.ActiveCfg = Debug|x64
		{2D128D8D-ACA3-EE15-EFC5-53BBFE5A284F}.Debug|x64.Build.0 = Debug|x64
	EndGlobalSection
	GlobalSection(SolutionProperties) = preSolution
		HideSolutionNode = FALSE
	EndGlobalSection
EndGlobal
